
Microsoft Visual Studio Solution File, Format Version 12.00
# Visual Studio Version 17
VisualStudioVersion = 17.12.35521.163
MinimumVisualStudioVersion = 10.0.40219.1
Project("{FAE04EC0-301F-11D3-BF4B-00C04F79EFBC}") = "UserManagement.Domain", "UserManagement.Domain\UserManagement.Domain.csproj", "{A07E8165-891E-478A-B15F-2999EBA78191}"
EndProject
Project("{FAE04EC0-301F-11D3-BF4B-00C04F79EFBC}") = "UserManagement.Infrastructure", "UserManagement.Infrastructure\UserManagement.Infrastructure.csproj", "{266145A7-201B-4795-BAB1-0E835AD8967F}"
EndProject
Project("{FAE04EC0-301F-11D3-BF4B-00C04F79EFBC}") = "UserManagement.Application", "UserManagement.Application\UserManagement.Application.csproj", "{FBBF3167-5D53-4FB1-BBBA-753C594BE9E3}"
EndProject
Project("{FAE04EC0-301F-11D3-BF4B-00C04F79EFBC}") = "UserManagement.API", "UserManagement.API\UserManagement.API.csproj", "{AFBBD363-D291-4856-9ABA-D6C9EC89361F}"
EndProject
Project("{FAE04EC0-301F-11D3-BF4B-00C04F79EFBC}") = "UserManagement.MVC", "UserManagement.MVC\UserManagement.MVC.csproj", "{A6682F1D-2DF6-45E4-ABE7-5DDCD0DD380C}"
EndProject
Project("{FAE04EC0-301F-11D3-BF4B-00C04F79EFBC}") = "UserManagement.RazorPages", "UserManagement.RazorPages\UserManagement.RazorPages.csproj", "{E4BF129F-90AB-4DDD-A075-6393F6FD8D82}"
EndProject
Project("{FAE04EC0-301F-11D3-BF4B-00C04F79EFBC}") = "UserManagement.Blazor", "UserManagement.Blazor\UserManagement.Blazor.csproj", "{ACDDAF83-F81C-43EC-80F2-471A4991ED79}"
EndProject
Global
	GlobalSection(SolutionConfigurationPlatforms) = preSolution
		Debug|Any CPU = Debug|Any CPU
		Release|Any CPU = Release|Any CPU
	EndGlobalSection
	GlobalSection(ProjectConfigurationPlatforms) = postSolution
		{A07E8165-891E-478A-B15F-2999EBA78191}.Debug|Any CPU.ActiveCfg = Debug|Any CPU
		{A07E8165-891E-478A-B15F-2999EBA78191}.Debug|Any CPU.Build.0 = Debug|Any CPU
		{A07E8165-891E-478A-B15F-2999EBA78191}.Release|Any CPU.ActiveCfg = Release|Any CPU
		{A07E8165-891E-478A-B15F-2999EBA78191}.Release|Any CPU.Build.0 = Release|Any CPU
		{266145A7-201B-4795-BAB1-0E835AD8967F}.Debug|Any CPU.ActiveCfg = Debug|Any CPU
		{266145A7-201B-4795-BAB1-0E835AD8967F}.Debug|Any CPU.Build.0 = Debug|Any CPU
		{266145A7-201B-4795-BAB1-0E835AD8967F}.Release|Any CPU.ActiveCfg = Release|Any CPU
		{266145A7-201B-4795-BAB1-0E835AD8967F}.Release|Any CPU.Build.0 = Release|Any CPU
		{FBBF3167-5D53-4FB1-BBBA-753C594BE9E3}.Debug|Any CPU.ActiveCfg = Debug|Any CPU
		{FBBF3167-5D53-4FB1-BBBA-753C594BE9E3}.Debug|Any CPU.Build.0 = Debug|Any CPU
		{FBBF3167-5D53-4FB1-BBBA-753C594BE9E3}.Release|Any CPU.ActiveCfg = Release|Any CPU
		{FBBF3167-5D53-4FB1-BBBA-753C594BE9E3}.Release|Any CPU.Build.0 = Release|Any CPU
		{AFBBD363-D291-4856-9ABA-D6C9EC89361F}.Debug|Any CPU.ActiveCfg = Debug|Any CPU
		{AFBBD363-D291-4856-9ABA-D6C9EC89361F}.Debug|Any CPU.Build.0 = Debug|Any CPU
		{AFBBD363-D291-4856-9ABA-D6C9EC89361F}.Release|Any CPU.ActiveCfg = Release|Any CPU
		{AFBBD363-D291-4856-9ABA-D6C9EC89361F}.Release|Any CPU.Build.0 = Release|Any CPU
		{A6682F1D-2DF6-45E4-ABE7-5DDCD0DD380C}.Debug|Any CPU.ActiveCfg = Debug|Any CPU
		{A6682F1D-2DF6-45E4-ABE7-5DDCD0DD380C}.Debug|Any CPU.Build.0 = Debug|Any CPU
		{A6682F1D-2DF6-45E4-ABE7-5DDCD0DD380C}.Release|Any CPU.ActiveCfg = Release|Any CPU
		{A6682F1D-2DF6-45E4-ABE7-5DDCD0DD380C}.Release|Any CPU.Build.0 = Release|Any CPU
		{E4BF129F-90AB-4DDD-A075-6393F6FD8D82}.Debug|Any CPU.ActiveCfg = Debug|Any CPU
		{E4BF129F-90AB-4DDD-A075-6393F6FD8D82}.Debug|Any CPU.Build.0 = Debug|Any CPU
		{E4BF129F-90AB-4DDD-A075-6393F6FD8D82}.Release|Any CPU.ActiveCfg = Release|Any CPU
		{E4BF129F-90AB-4DDD-A075-6393F6FD8D82}.Release|Any CPU.Build.0 = Release|Any CPU
		{ACDDAF83-F81C-43EC-80F2-471A4991ED79}.Debug|Any CPU.ActiveCfg = Debug|Any CPU
		{ACDDAF83-F81C-43EC-80F2-471A4991ED79}.Debug|Any CPU.Build.0 = Debug|Any CPU
		{ACDDAF83-F81C-43EC-80F2-471A4991ED79}.Release|Any CPU.ActiveCfg = Release|Any CPU
		{ACDDAF83-F81C-43EC-80F2-471A4991ED79}.Release|Any CPU.Build.0 = Release|Any CPU
	EndGlobalSection
	GlobalSection(SolutionProperties) = preSolution
		HideSolutionNode = FALSE
	EndGlobalSection
EndGlobal
